
Microsoft Visual Studio Solution File, Format Version 12.00
# Visual Studio Version 17
VisualStudioVersion = 17.6.33829.357
MinimumVisualStudioVersion = 10.0.40219.1
Project("{FAE04EC0-301F-11D3-BF4B-00C04F79EFBC}") = "SmartPro_17[03-08-23]", "SmartPro_17[03-08-23]\SmartPro_17[03-08-23].csproj", "{CF60457A-9635-4095-A9C5-788AFBE402F7}"
EndProject
Global
	GlobalSection(SolutionConfigurationPlatforms) = preSolution
		Debug|Any CPU = Debug|Any CPU
		Release|Any CPU = Release|Any CPU
	EndGlobalSection
	GlobalSection(ProjectConfigurationPlatforms) = postSolution
		{CF60457A-9635-4095-A9C5-788AFBE402F7}.Debug|Any CPU.ActiveCfg = Debug|Any CPU
		{CF60457A-9635-4095-A9C5-788AFBE402F7}.Debug|Any CPU.Build.0 = Debug|Any CPU
		{CF60457A-9635-4095-A9C5-788AFBE402F7}.Release|Any CPU.ActiveCfg = Release|Any CPU
		{CF60457A-9635-4095-A9C5-788AFBE402F7}.Release|Any CPU.Build.0 = Release|Any CPU
	EndGlobalSection
	GlobalSection(SolutionProperties) = preSolution
		HideSolutionNode = FALSE
	EndGlobalSection
	GlobalSection(ExtensibilityGlobals) = postSolution
		SolutionGuid = {AFA8E7EF-B6B0-4024-81EE-76EDE19C08EC}
	EndGlobalSection
EndGlobal
